
Microsoft Visual Studio Solution File, Format Version 12.00
# Visual Studio Version 17
VisualStudioVersion = 17.5.33502.453
MinimumVisualStudioVersion = 10.0.40219.1
Project("{FAE04EC0-301F-11D3-BF4B-00C04F79EFBC}") = "demopr30", "demopr30\demopr30.csproj", "{02660C79-E6C1-49D0-85B8-E0127E2D6B2E}"
EndProject
Global
	GlobalSection(SolutionConfigurationPlatforms) = preSolution
		Debug|Any CPU = Debug|Any CPU
		Release|Any CPU = Release|Any CPU
	EndGlobalSection
	GlobalSection(ProjectConfigurationPlatforms) = postSolution
		{02660C79-E6C1-49D0-85B8-E0127E2D6B2E}.Debug|Any CPU.ActiveCfg = Debug|Any CPU
		{02660C79-E6C1-49D0-85B8-E0127E2D6B2E}.Debug|Any CPU.Build.0 = Debug|Any CPU
		{02660C79-E6C1-49D0-85B8-E0127E2D6B2E}.Release|Any CPU.ActiveCfg = Release|Any CPU
		{02660C79-E6C1-49D0-85B8-E0127E2D6B2E}.Release|Any CPU.Build.0 = Release|Any CPU
	EndGlobalSection
	GlobalSection(SolutionProperties) = preSolution
		HideSolutionNode = FALSE
	EndGlobalSection
	GlobalSection(ExtensibilityGlobals) = postSolution
		SolutionGuid = {FCBAA66A-2A92-4FBA-B919-E40EE48F23D3}
	EndGlobalSection
EndGlobal
